// !$*UTF8*$!
{
	archiveVersion = 1;
	classes = {
	};
	objectVersion = 50;
	objects = {

/* Begin PBXBuildFile section */
		38A87A7821E6C63300728644 /* CollectionViewController.swift in Sources */ = {isa = PBXBuildFile; fileRef = 38A87A7721E6C63300728644 /* CollectionViewController.swift */; };
		38A87A7A21E6C6C000728644 /* Collection.swift in Sources */ = {isa = PBXBuildFile; fileRef = 38A87A7921E6C6C000728644 /* Collection.swift */; };
		38A87A7C21E6C8C200728644 /* Product.swift in Sources */ = {isa = PBXBuildFile; fileRef = 38A87A7B21E6C8C200728644 /* Product.swift */; };
		38A87A7E21E7BFF400728644 /* DetailCollectionCell.swift in Sources */ = {isa = PBXBuildFile; fileRef = 38A87A7D21E7BFF400728644 /* DetailCollectionCell.swift */; };
		38CC7AC121E6A6D200B805B5 /* AppDelegate.swift in Sources */ = {isa = PBXBuildFile; fileRef = 38CC7AC021E6A6D200B805B5 /* AppDelegate.swift */; };
		38CC7AC621E6A6D200B805B5 /* Main.storyboard in Resources */ = {isa = PBXBuildFile; fileRef = 38CC7AC421E6A6D200B805B5 /* Main.storyboard */; };
		38CC7AC821E6A6D400B805B5 /* Assets.xcassets in Resources */ = {isa = PBXBuildFile; fileRef = 38CC7AC721E6A6D400B805B5 /* Assets.xcassets */; };
		38CC7ACB21E6A6D400B805B5 /* LaunchScreen.storyboard in Resources */ = {isa = PBXBuildFile; fileRef = 38CC7AC921E6A6D400B805B5 /* LaunchScreen.storyboard */; };
		38CC7AD721E6AA4900B805B5 /* CustomCollectionsTableViewController.swift in Sources */ = {isa = PBXBuildFile; fileRef = 38CC7AD621E6AA4900B805B5 /* CustomCollectionsTableViewController.swift */; };
		38CC7ADB21E6B1DB00B805B5 /* ShopifyService.swift in Sources */ = {isa = PBXBuildFile; fileRef = 38CC7ADA21E6B1DB00B805B5 /* ShopifyService.swift */; };
		38CC7ADD21E6BDAE00B805B5 /* CustomCollectionTableViewCell.swift in Sources */ = {isa = PBXBuildFile; fileRef = 38CC7ADC21E6BDAE00B805B5 /* CustomCollectionTableViewCell.swift */; };
		B40535811A85FD26E2809456 /* Pods_ShopifyChallenge2019.framework in Frameworks */ = {isa = PBXBuildFile; fileRef = D7172C042980C60D2814C358 /* Pods_ShopifyChallenge2019.framework */; };
/* End PBXBuildFile section */

/* Begin PBXFileReference section */
		38A87A7721E6C63300728644 /* CollectionViewController.swift */ = {isa = PBXFileReference; lastKnownFileType = sourcecode.swift; path = CollectionViewController.swift; sourceTree = "<group>"; };
		38A87A7921E6C6C000728644 /* Collection.swift */ = {isa = PBXFileReference; lastKnownFileType = sourcecode.swift; path = Collection.swift; sourceTree = "<group>"; };
		38A87A7B21E6C8C200728644 /* Product.swift */ = {isa = PBXFileReference; lastKnownFileType = sourcecode.swift; path = Product.swift; sourceTree = "<group>"; };
		38A87A7D21E7BFF400728644 /* DetailCollectionCell.swift */ = {isa = PBXFileReference; lastKnownFileType = sourcecode.swift; path = DetailCollectionCell.swift; sourceTree = "<group>"; };
		38CC7ABD21E6A6D200B805B5 /* ShopifyChallenge2019.app */ = {isa = PBXFileReference; explicitFileType = wrapper.application; includeInIndex = 0; path = ShopifyChallenge2019.app; sourceTree = BUILT_PRODUCTS_DIR; };
		38CC7AC021E6A6D200B805B5 /* AppDelegate.swift */ = {isa = PBXFileReference; lastKnownFileType = sourcecode.swift; path = AppDelegate.swift; sourceTree = "<group>"; };
		38CC7AC521E6A6D200B805B5 /* Base */ = {isa = PBXFileReference; lastKnownFileType = file.storyboard; name = Base; path = Base.lproj/Main.storyboard; sourceTree = "<group>"; };
		38CC7AC721E6A6D400B805B5 /* Assets.xcassets */ = {isa = PBXFileReference; lastKnownFileType = folder.assetcatalog; path = Assets.xcassets; sourceTree = "<group>"; };
		38CC7ACA21E6A6D400B805B5 /* Base */ = {isa = PBXFileReference; lastKnownFileType = file.storyboard; name = Base; path = Base.lproj/LaunchScreen.storyboard; sourceTree = "<group>"; };
		38CC7ACC21E6A6D400B805B5 /* Info.plist */ = {isa = PBXFileReference; lastKnownFileType = text.plist.xml; path = Info.plist; sourceTree = "<group>"; };
		38CC7AD621E6AA4900B805B5 /* CustomCollectionsTableViewController.swift */ = {isa = PBXFileReference; lastKnownFileType = sourcecode.swift; path = CustomCollectionsTableViewController.swift; sourceTree = "<group>"; };
		38CC7ADA21E6B1DB00B805B5 /* ShopifyService.swift */ = {isa = PBXFileReference; fileEncoding = 4; lastKnownFileType = sourcecode.swift; path = ShopifyService.swift; sourceTree = "<group>"; };
		38CC7ADC21E6BDAE00B805B5 /* CustomCollectionTableViewCell.swift */ = {isa = PBXFileReference; lastKnownFileType = sourcecode.swift; path = CustomCollectionTableViewCell.swift; sourceTree = "<group>"; };
		38FA430381A4F6AEBCD39C58 /* Pods-ShopifyChallenge2019.release.xcconfig */ = {isa = PBXFileReference; includeInIndex = 1; lastKnownFileType = text.xcconfig; name = "Pods-ShopifyChallenge2019.release.xcconfig"; path = "Pods/Target Support Files/Pods-ShopifyChallenge2019/Pods-ShopifyChallenge2019.release.xcconfig"; sourceTree = "<group>"; };
		44BE1803AB4A1ACB739A1D4A /* Pods-ShopifyChallenge2019.debug.xcconfig */ = {isa = PBXFileReference; includeInIndex = 1; lastKnownFileType = text.xcconfig; name = "Pods-ShopifyChallenge2019.debug.xcconfig"; path = "Pods/Target Support Files/Pods-ShopifyChallenge2019/Pods-ShopifyChallenge2019.debug.xcconfig"; sourceTree = "<group>"; };
		D7172C042980C60D2814C358 /* Pods_ShopifyChallenge2019.framework */ = {isa = PBXFileReference; explicitFileType = wrapper.framework; includeInIndex = 0; path = Pods_ShopifyChallenge2019.framework; sourceTree = BUILT_PRODUCTS_DIR; };
/* End PBXFileReference section */

/* Begin PBXFrameworksBuildPhase section */
		38CC7ABA21E6A6D200B805B5 /* Frameworks */ = {
			isa = PBXFrameworksBuildPhase;
			buildActionMask = 2147483647;
			files = (
				B40535811A85FD26E2809456 /* Pods_ShopifyChallenge2019.framework in Frameworks */,
			);
			runOnlyForDeploymentPostprocessing = 0;
		};
/* End PBXFrameworksBuildPhase section */

/* Begin PBXGroup section */
		38CC7AB421E6A6D200B805B5 = {
			isa = PBXGroup;
			children = (
				38CC7ABF21E6A6D200B805B5 /* ShopifyChallenge2019 */,
				38CC7ABE21E6A6D200B805B5 /* Products */,
				FDC9E63FAB9CAEA865D71602 /* Pods */,
				DD63F4A720BE94D97501C031 /* Frameworks */,
			);
			sourceTree = "<group>";
		};
		38CC7ABE21E6A6D200B805B5 /* Products */ = {
			isa = PBXGroup;
			children = (
				38CC7ABD21E6A6D200B805B5 /* ShopifyChallenge2019.app */,
			);
			name = Products;
			sourceTree = "<group>";
		};
		38CC7ABF21E6A6D200B805B5 /* ShopifyChallenge2019 */ = {
			isa = PBXGroup;
			children = (
				38CC7AC021E6A6D200B805B5 /* AppDelegate.swift */,
				38CC7AD221E6A70700B805B5 /* Model */,
				38CC7AD421E6A71F00B805B5 /* Controller */,
				38CC7AD321E6A71300B805B5 /* View */,
				38CC7AD521E6A73100B805B5 /* Service */,
				38CC7AC421E6A6D200B805B5 /* Main.storyboard */,
				38CC7AC721E6A6D400B805B5 /* Assets.xcassets */,
				38CC7AC921E6A6D400B805B5 /* LaunchScreen.storyboard */,
				38CC7ACC21E6A6D400B805B5 /* Info.plist */,
			);
			path = ShopifyChallenge2019;
			sourceTree = "<group>";
		};
		38CC7AD221E6A70700B805B5 /* Model */ = {
			isa = PBXGroup;
			children = (
				38A87A7921E6C6C000728644 /* Collection.swift */,
				38A87A7B21E6C8C200728644 /* Product.swift */,
			);
			path = Model;
			sourceTree = "<group>";
		};
		38CC7AD321E6A71300B805B5 /* View */ = {
			isa = PBXGroup;
			children = (
				38CC7ADC21E6BDAE00B805B5 /* CustomCollectionTableViewCell.swift */,
				38A87A7D21E7BFF400728644 /* DetailCollectionCell.swift */,
			);
			path = View;
			sourceTree = "<group>";
		};
		38CC7AD421E6A71F00B805B5 /* Controller */ = {
			isa = PBXGroup;
			children = (
				38CC7AD621E6AA4900B805B5 /* CustomCollectionsTableViewController.swift */,
				38A87A7721E6C63300728644 /* CollectionViewController.swift */,
			);
			path = Controller;
			sourceTree = "<group>";
		};
		38CC7AD521E6A73100B805B5 /* Service */ = {
			isa = PBXGroup;
			children = (
				38CC7ADA21E6B1DB00B805B5 /* ShopifyService.swift */,
			);
			path = Service;
			sourceTree = "<group>";
		};
		DD63F4A720BE94D97501C031 /* Frameworks */ = {
			isa = PBXGroup;
			children = (
				D7172C042980C60D2814C358 /* Pods_ShopifyChallenge2019.framework */,
			);
			name = Frameworks;
			sourceTree = "<group>";
		};
		FDC9E63FAB9CAEA865D71602 /* Pods */ = {
			isa = PBXGroup;
			children = (
				44BE1803AB4A1ACB739A1D4A /* Pods-ShopifyChallenge2019.debug.xcconfig */,
				38FA430381A4F6AEBCD39C58 /* Pods-ShopifyChallenge2019.release.xcconfig */,
			);
			name = Pods;
			sourceTree = "<group>";
		};
/* End PBXGroup section */

/* Begin PBXNativeTarget section */
		38CC7ABC21E6A6D200B805B5 /* ShopifyChallenge2019 */ = {
			isa = PBXNativeTarget;
			buildConfigurationList = 38CC7ACF21E6A6D400B805B5 /* Build configuration list for PBXNativeTarget "ShopifyChallenge2019" */;
			buildPhases = (
				62CCACB0E8DCB50B28232569 /* [CP] Check Pods Manifest.lock */,
				38CC7AB921E6A6D200B805B5 /* Sources */,
				38CC7ABA21E6A6D200B805B5 /* Frameworks */,
				38CC7ABB21E6A6D200B805B5 /* Resources */,
				B301BD23A7C1D4C7881B81B2 /* [CP] Embed Pods Frameworks */,
			);
			buildRules = (
			);
			dependencies = (
			);
			name = ShopifyChallenge2019;
			productName = ShopifyChallenge2019;
			productReference = 38CC7ABD21E6A6D200B805B5 /* ShopifyChallenge2019.app */;
			productType = "com.apple.product-type.application";
		};
/* End PBXNativeTarget section */

/* Begin PBXProject section */
		38CC7AB521E6A6D200B805B5 /* Project object */ = {
			isa = PBXProject;
			attributes = {
				LastSwiftUpdateCheck = 1010;
				LastUpgradeCheck = 1010;
				ORGANIZATIONNAME = "Raymond Diamonds";
				TargetAttributes = {
					38CC7ABC21E6A6D200B805B5 = {
						CreatedOnToolsVersion = 10.1;
					};
				};
			};
			buildConfigurationList = 38CC7AB821E6A6D200B805B5 /* Build configuration list for PBXProject "ShopifyChallenge2019" */;
			compatibilityVersion = "Xcode 9.3";
			developmentRegion = en;
			hasScannedForEncodings = 0;
			knownRegions = (
				en,
				Base,
			);
			mainGroup = 38CC7AB421E6A6D200B805B5;
			productRefGroup = 38CC7ABE21E6A6D200B805B5 /* Products */;
			projectDirPath = "";
			projectRoot = "";
			targets = (
				38CC7ABC21E6A6D200B805B5 /* ShopifyChallenge2019 */,
			);
		};
/* End PBXProject section */

/* Begin PBXResourcesBuildPhase section */
		38CC7ABB21E6A6D200B805B5 /* Resources */ = {
			isa = PBXResourcesBuildPhase;
			buildActionMask = 2147483647;
			files = (
				38CC7ACB21E6A6D400B805B5 /* LaunchScreen.storyboard in Resources */,
				38CC7AC821E6A6D400B805B5 /* Assets.xcassets in Resources */,
				38CC7AC621E6A6D200B805B5 /* Main.storyboard in Resources */,
			);
			runOnlyForDeploymentPostprocessing = 0;
		};
/* End PBXResourcesBuildPhase section */

/* Begin PBXShellScriptBuildPhase section */
		62CCACB0E8DCB50B28232569 /* [CP] Check Pods Manifest.lock */ = {
			isa = PBXShellScriptBuildPhase;
			buildActionMask = 2147483647;
			files = (
			);
			inputFileListPaths = (
			);
			inputPaths = (
				"${PODS_PODFILE_DIR_PATH}/Podfile.lock",
				"${PODS_ROOT}/Manifest.lock",
			);
			name = "[CP] Check Pods Manifest.lock";
			outputFileListPaths = (
			);
			outputPaths = (
				"$(DERIVED_FILE_DIR)/Pods-ShopifyChallenge2019-checkManifestLockResult.txt",
			);
			runOnlyForDeploymentPostprocessing = 0;
			shellPath = /bin/sh;
			shellScript = "diff \"${PODS_PODFILE_DIR_PATH}/Podfile.lock\" \"${PODS_ROOT}/Manifest.lock\" > /dev/null\nif [ $? != 0 ] ; then\n    # print error to STDERR\n    echo \"error: The sandbox is not in sync with the Podfile.lock. Run 'pod install' or update your CocoaPods installation.\" >&2\n    exit 1\nfi\n# This output is used by Xcode 'outputs' to avoid re-running this script phase.\necho \"SUCCESS\" > \"${SCRIPT_OUTPUT_FILE_0}\"\n";
			showEnvVarsInLog = 0;
		};
		B301BD23A7C1D4C7881B81B2 /* [CP] Embed Pods Frameworks */ = {
			isa = PBXShellScriptBuildPhase;
			buildActionMask = 2147483647;
			files = (
			);
			inputFileListPaths = (
			);
			inputPaths = (
				"${SRCROOT}/Pods/Target Support Files/Pods-ShopifyChallenge2019/Pods-ShopifyChallenge2019-frameworks.sh",
				"${BUILT_PRODUCTS_DIR}/Alamofire/Alamofire.framework",
				"${BUILT_PRODUCTS_DIR}/Kingfisher/Kingfisher.framework",
				"${BUILT_PRODUCTS_DIR}/SwiftyJSON/SwiftyJSON.framework",
			);
			name = "[CP] Embed Pods Frameworks";
			outputFileListPaths = (
			);
			outputPaths = (
				"${TARGET_BUILD_DIR}/${FRAMEWORKS_FOLDER_PATH}/Alamofire.framework",
				"${TARGET_BUILD_DIR}/${FRAMEWORKS_FOLDER_PATH}/Kingfisher.framework",
				"${TARGET_BUILD_DIR}/${FRAMEWORKS_FOLDER_PATH}/SwiftyJSON.framework",
			);
			runOnlyForDeploymentPostprocessing = 0;
			shellPath = /bin/sh;
			shellScript = "\"${SRCROOT}/Pods/Target Support Files/Pods-ShopifyChallenge2019/Pods-ShopifyChallenge2019-frameworks.sh\"\n";
			showEnvVarsInLog = 0;
		};
/* End PBXShellScriptBuildPhase section */

/* Begin PBXSourcesBuildPhase section */
		38CC7AB921E6A6D200B805B5 /* Sources */ = {
			isa = PBXSourcesBuildPhase;
			buildActionMask = 2147483647;
			files = (
				38CC7ADD21E6BDAE00B805B5 /* CustomCollectionTableViewCell.swift in Sources */,
				38CC7ADB21E6B1DB00B805B5 /* ShopifyService.swift in Sources */,
				38CC7AD721E6AA4900B805B5 /* CustomCollectionsTableViewController.swift in Sources */,
				38A87A7A21E6C6C000728644 /* Collection.swift in Sources */,
				38A87A7E21E7BFF400728644 /* DetailCollectionCell.swift in Sources */,
				38CC7AC121E6A6D200B805B5 /* AppDelegate.swift in Sources */,
				38A87A7821E6C63300728644 /* CollectionViewController.swift in Sources */,
				38A87A7C21E6C8C200728644 /* Product.swift in Sources */,
			);
			runOnlyForDeploymentPostprocessing = 0;
		};
/* End PBXSourcesBuildPhase section */

/* Begin PBXVariantGroup section */
		38CC7AC421E6A6D200B805B5 /* Main.storyboard */ = {
			isa = PBXVariantGroup;
			children = (
				38CC7AC521E6A6D200B805B5 /* Base */,
			);
			name = Main.storyboard;
			sourceTree = "<group>";
		};
		38CC7AC921E6A6D400B805B5 /* LaunchScreen.storyboard */ = {
			isa = PBXVariantGroup;
			children = (
				38CC7ACA21E6A6D400B805B5 /* Base */,
			);
			name = LaunchScreen.storyboard;
			sourceTree = "<group>";
		};
/* End PBXVariantGroup section */

/* Begin XCBuildConfiguration section */
		38CC7ACD21E6A6D400B805B5 /* Debug */ = {
			isa = XCBuildConfiguration;
			buildSettings = {
				ALWAYS_SEARCH_USER_PATHS = NO;
				CLANG_ANALYZER_NONNULL = YES;
				CLANG_ANALYZER_NUMBER_OBJECT_CONVERSION = YES_AGGRESSIVE;
				CLANG_CXX_LANGUAGE_STANDARD = "gnu++14";
				CLANG_CXX_LIBRARY = "libc++";
				CLANG_ENABLE_MODULES = YES;
				CLANG_ENABLE_OBJC_ARC = YES;
				CLANG_ENABLE_OBJC_WEAK = YES;
				CLANG_WARN_BLOCK_CAPTURE_AUTORELEASING = YES;
				CLANG_WARN_BOOL_CONVERSION = YES;
				CLANG_WARN_COMMA = YES;
				CLANG_WARN_CONSTANT_CONVERSION = YES;
				CLANG_WARN_DEPRECATED_OBJC_IMPLEMENTATIONS = YES;
				CLANG_WARN_DIRECT_OBJC_ISA_USAGE = YES_ERROR;
				CLANG_WARN_DOCUMENTATION_COMMENTS = YES;
				CLANG_WARN_EMPTY_BODY = YES;
				CLANG_WARN_ENUM_CONVERSION = YES;
				CLANG_WARN_INFINITE_RECURSION = YES;
				CLANG_WARN_INT_CONVERSION = YES;
				CLANG_WARN_NON_LITERAL_NULL_CONVERSION = YES;
				CLANG_WARN_OBJC_IMPLICIT_RETAIN_SELF = YES;
				CLANG_WARN_OBJC_LITERAL_CONVERSION = YES;
				CLANG_WARN_OBJC_ROOT_CLASS = YES_ERROR;
				CLANG_WARN_RANGE_LOOP_ANALYSIS = YES;
				CLANG_WARN_STRICT_PROTOTYPES = YES;
				CLANG_WARN_SUSPICIOUS_MOVE = YES;
				CLANG_WARN_UNGUARDED_AVAILABILITY = YES_AGGRESSIVE;
				CLANG_WARN_UNREACHABLE_CODE = YES;
				CLANG_WARN__DUPLICATE_METHOD_MATCH = YES;
				CODE_SIGN_IDENTITY = "iPhone Developer";
				COPY_PHASE_STRIP = NO;
				DEBUG_INFORMATION_FORMAT = dwarf;
				ENABLE_STRICT_OBJC_MSGSEND = YES;
				ENABLE_TESTABILITY = YES;
				GCC_C_LANGUAGE_STANDARD = gnu11;
				GCC_DYNAMIC_NO_PIC = NO;
				GCC_NO_COMMON_BLOCKS = YES;
				GCC_OPTIMIZATION_LEVEL = 0;
				GCC_PREPROCESSOR_DEFINITIONS = (
					"DEBUG=1",
					"$(inherited)",
				);
				GCC_WARN_64_TO_32_BIT_CONVERSION = YES;
				GCC_WARN_ABOUT_RETURN_TYPE = YES_ERROR;
				GCC_WARN_UNDECLARED_SELECTOR = YES;
				GCC_WARN_UNINITIALIZED_AUTOS = YES_AGGRESSIVE;
				GCC_WARN_UNUSED_FUNCTION = YES;
				GCC_WARN_UNUSED_VARIABLE = YES;
				IPHONEOS_DEPLOYMENT_TARGET = 12.1;
				MTL_ENABLE_DEBUG_INFO = INCLUDE_SOURCE;
				MTL_FAST_MATH = YES;
				ONLY_ACTIVE_ARCH = YES;
				SDKROOT = iphoneos;
				SWIFT_ACTIVE_COMPILATION_CONDITIONS = DEBUG;
				SWIFT_OPTIMIZATION_LEVEL = "-Onone";
			};
			name = Debug;
		};
		38CC7ACE21E6A6D400B805B5 /* Release */ = {
			isa = XCBuildConfiguration;
			buildSettings = {
				ALWAYS_SEARCH_USER_PATHS = NO;
				CLANG_ANALYZER_NONNULL = YES;
				CLANG_ANALYZER_NUMBER_OBJECT_CONVERSION = YES_AGGRESSIVE;
				CLANG_CXX_LANGUAGE_STANDARD = "gnu++14";
				CLANG_CXX_LIBRARY = "libc++";
				CLANG_ENABLE_MODULES = YES;
				CLANG_ENABLE_OBJC_ARC = YES;
				CLANG_ENABLE_OBJC_WEAK = YES;
				CLANG_WARN_BLOCK_CAPTURE_AUTORELEASING = YES;
				CLANG_WARN_BOOL_CONVERSION = YES;
				CLANG_WARN_COMMA = YES;
				CLANG_WARN_CONSTANT_CONVERSION = YES;
				CLANG_WARN_DEPRECATED_OBJC_IMPLEMENTATIONS = YES;
				CLANG_WARN_DIRECT_OBJC_ISA_USAGE = YES_ERROR;
				CLANG_WARN_DOCUMENTATION_COMMENTS = YES;
				CLANG_WARN_EMPTY_BODY = YES;
				CLANG_WARN_ENUM_CONVERSION = YES;
				CLANG_WARN_INFINITE_RECURSION = YES;
				CLANG_WARN_INT_CONVERSION = YES;
				CLANG_WARN_NON_LITERAL_NULL_CONVERSION = YES;
				CLANG_WARN_OBJC_IMPLICIT_RETAIN_SELF = YES;
				CLANG_WARN_OBJC_LITERAL_CONVERSION = YES;
				CLANG_WARN_OBJC_ROOT_CLASS = YES_ERROR;
				CLANG_WARN_RANGE_LOOP_ANALYSIS = YES;
				CLANG_WARN_STRICT_PROTOTYPES = YES;
				CLANG_WARN_SUSPICIOUS_MOVE = YES;
				CLANG_WARN_UNGUARDED_AVAILABILITY = YES_AGGRESSIVE;
				CLANG_WARN_UNREACHABLE_CODE = YES;
				CLANG_WARN__DUPLICATE_METHOD_MATCH = YES;
				CODE_SIGN_IDENTITY = "iPhone Developer";
				COPY_PHASE_STRIP = NO;
				DEBUG_INFORMATION_FORMAT = "dwarf-with-dsym";
				ENABLE_NS_ASSERTIONS = NO;
				ENABLE_STRICT_OBJC_MSGSEND = YES;
				GCC_C_LANGUAGE_STANDARD = gnu11;
				GCC_NO_COMMON_BLOCKS = YES;
				GCC_WARN_64_TO_32_BIT_CONVERSION = YES;
				GCC_WARN_ABOUT_RETURN_TYPE = YES_ERROR;
				GCC_WARN_UNDECLARED_SELECTOR = YES;
				GCC_WARN_UNINITIALIZED_AUTOS = YES_AGGRESSIVE;
				GCC_WARN_UNUSED_FUNCTION = YES;
				GCC_WARN_UNUSED_VARIABLE = YES;
				IPHONEOS_DEPLOYMENT_TARGET = 12.1;
				MTL_ENABLE_DEBUG_INFO = NO;
				MTL_FAST_MATH = YES;
				SDKROOT = iphoneos;
				SWIFT_COMPILATION_MODE = wholemodule;
				SWIFT_OPTIMIZATION_LEVEL = "-O";
				VALIDATE_PRODUCT = YES;
			};
			name = Release;
		};
		38CC7AD021E6A6D400B805B5 /* Debug */ = {
			isa = XCBuildConfiguration;
			baseConfigurationReference = 44BE1803AB4A1ACB739A1D4A /* Pods-ShopifyChallenge2019.debug.xcconfig */;
			buildSettings = {
				ASSETCATALOG_COMPILER_APPICON_NAME = AppIcon;
				CODE_SIGN_STYLE = Automatic;
				DEVELOPMENT_TEAM = CPJ4P77Z36;
				INFOPLIST_FILE = ShopifyChallenge2019/Info.plist;
				LD_RUNPATH_SEARCH_PATHS = (
					"$(inherited)",
					"@executable_path/Frameworks",
				);
				PRODUCT_BUNDLE_IDENTIFIER = com.RaymondDiamonds.ShopifyChallenge2019;
				PRODUCT_NAME = "$(TARGET_NAME)";
				SWIFT_VERSION = 4.2;
				TARGETED_DEVICE_FAMILY = "1,2";
			};
			name = Debug;
		};
		38CC7AD121E6A6D400B805B5 /* Release */ = {
			isa = XCBuildConfiguration;
			baseConfigurationReference = 38FA430381A4F6AEBCD39C58 /* Pods-ShopifyChallenge2019.release.xcconfig */;
			buildSettings = {
				ASSETCATALOG_COMPILER_APPICON_NAME = AppIcon;
				CODE_SIGN_STYLE = Automatic;
				DEVELOPMENT_TEAM = CPJ4P77Z36;
				INFOPLIST_FILE = ShopifyChallenge2019/Info.plist;
				LD_RUNPATH_SEARCH_PATHS = (
					"$(inherited)",
					"@executable_path/Frameworks",
				);
				PRODUCT_BUNDLE_IDENTIFIER = com.RaymondDiamonds.ShopifyChallenge2019;
				PRODUCT_NAME = "$(TARGET_NAME)";
				SWIFT_VERSION = 4.2;
				TARGETED_DEVICE_FAMILY = "1,2";
			};
			name = Release;
		};
/* End XCBuildConfiguration section */

/* Begin XCConfigurationList section */
		38CC7AB821E6A6D200B805B5 /* Build configuration list for PBXProject "ShopifyChallenge2019" */ = {
			isa = XCConfigurationList;
			buildConfigurations = (
				38CC7ACD21E6A6D400B805B5 /* Debug */,
				38CC7ACE21E6A6D400B805B5 /* Release */,
			);
			defaultConfigurationIsVisible = 0;
			defaultConfigurationName = Release;
		};
		38CC7ACF21E6A6D400B805B5 /* Build configuration list for PBXNativeTarget "ShopifyChallenge2019" */ = {
			isa = XCConfigurationList;
			buildConfigurations = (
				38CC7AD021E6A6D400B805B5 /* Debug */,
				38CC7AD121E6A6D400B805B5 /* Release */,
			);
			defaultConfigurationIsVisible = 0;
			defaultConfigurationName = Release;
		};
/* End XCConfigurationList section */
	};
	rootObject = 38CC7AB521E6A6D200B805B5 /* Project object */;
}
